
Microsoft Visual Studio Solution File, Format Version 12.00
# Visual Studio Version 17
VisualStudioVersion = 17.1.32210.238
MinimumVisualStudioVersion = 10.0.40219.1
Project("{8BC9CEB8-8B4A-11D0-8D11-00A0C91BC942}") = "laborator2-4", "laborator2-4\laborator2-4.vcxproj", "{4C698BFA-2857-4E5A-AAD7-C15049D1F064}"
EndProject
Global
	GlobalSection(SolutionConfigurationPlatforms) = preSolution
		Debug|x64 = Debug|x64
		Debug|x86 = Debug|x86
		Release|x64 = Release|x64
		Release|x86 = Release|x86
	EndGlobalSection
	GlobalSection(ProjectConfigurationPlatforms) = postSolution
		{4C698BFA-2857-4E5A-AAD7-C15049D1F064}.Debug|x64.ActiveCfg = Debug|x64
		{4C698BFA-2857-4E5A-AAD7-C15049D1F064}.Debug|x64.Build.0 = Debug|x64
		{4C698BFA-2857-4E5A-AAD7-C15049D1F064}.Debug|x86.ActiveCfg = Debug|Win32
		{4C698BFA-2857-4E5A-AAD7-C15049D1F064}.Debug|x86.Build.0 = Debug|Win32
		{4C698BFA-2857-4E5A-AAD7-C15049D1F064}.Release|x64.ActiveCfg = Release|x64
		{4C698BFA-2857-4E5A-AAD7-C15049D1F064}.Release|x64.Build.0 = Release|x64
		{4C698BFA-2857-4E5A-AAD7-C15049D1F064}.Release|x86.ActiveCfg = Release|Win32
		{4C698BFA-2857-4E5A-AAD7-C15049D1F064}.Release|x86.Build.0 = Release|Win32
	EndGlobalSection
	GlobalSection(SolutionProperties) = preSolution
		HideSolutionNode = FALSE
	EndGlobalSection
	GlobalSection(ExtensibilityGlobals) = postSolution
		SolutionGuid = {B2436153-CAE0-4D22-A9C2-032C262593FE}
	EndGlobalSection
EndGlobal
